
Microsoft Visual Studio Solution File, Format Version 12.00
# Visual Studio Version 17
VisualStudioVersion = 17.8.34525.116
MinimumVisualStudioVersion = 10.0.40219.1
Project("{9A19103F-16F7-4668-BE54-9A1E7A4F7556}") = "AnonimChat", "AnonimChat\AnonimChat\AnonimChat.csproj", "{0FE2F151-A1BD-4AC6-B140-B832BC55DBE6}"
EndProject
Project("{9A19103F-16F7-4668-BE54-9A1E7A4F7556}") = "AnonimChat.Client", "AnonimChat\AnonimChat.Client\AnonimChat.Client.csproj", "{48C0AF22-BB84-4E0C-92CF-0FF7D21B9C38}"
EndProject
Project("{9A19103F-16F7-4668-BE54-9A1E7A4F7556}") = "AnonimChat.Core", "AnonimChat.Core\AnonimChat.Core.csproj", "{1E34A15F-4D24-4DA2-95E9-8068571BD00D}"
EndProject
Global
	GlobalSection(SolutionConfigurationPlatforms) = preSolution
		Debug|Any CPU = Debug|Any CPU
		Release|Any CPU = Release|Any CPU
	EndGlobalSection
	GlobalSection(ProjectConfigurationPlatforms) = postSolution
		{0FE2F151-A1BD-4AC6-B140-B832BC55DBE6}.Debug|Any CPU.ActiveCfg = Debug|Any CPU
		{0FE2F151-A1BD-4AC6-B140-B832BC55DBE6}.Debug|Any CPU.Build.0 = Debug|Any CPU
		{0FE2F151-A1BD-4AC6-B140-B832BC55DBE6}.Release|Any CPU.ActiveCfg = Release|Any CPU
		{0FE2F151-A1BD-4AC6-B140-B832BC55DBE6}.Release|Any CPU.Build.0 = Release|Any CPU
		{48C0AF22-BB84-4E0C-92CF-0FF7D21B9C38}.Debug|Any CPU.ActiveCfg = Debug|Any CPU
		{48C0AF22-BB84-4E0C-92CF-0FF7D21B9C38}.Debug|Any CPU.Build.0 = Debug|Any CPU
		{48C0AF22-BB84-4E0C-92CF-0FF7D21B9C38}.Release|Any CPU.ActiveCfg = Release|Any CPU
		{48C0AF22-BB84-4E0C-92CF-0FF7D21B9C38}.Release|Any CPU.Build.0 = Release|Any CPU
		{1E34A15F-4D24-4DA2-95E9-8068571BD00D}.Debug|Any CPU.ActiveCfg = Debug|Any CPU
		{1E34A15F-4D24-4DA2-95E9-8068571BD00D}.Debug|Any CPU.Build.0 = Debug|Any CPU
		{1E34A15F-4D24-4DA2-95E9-8068571BD00D}.Release|Any CPU.ActiveCfg = Release|Any CPU
		{1E34A15F-4D24-4DA2-95E9-8068571BD00D}.Release|Any CPU.Build.0 = Release|Any CPU
	EndGlobalSection
	GlobalSection(SolutionProperties) = preSolution
		HideSolutionNode = FALSE
	EndGlobalSection
	GlobalSection(ExtensibilityGlobals) = postSolution
		SolutionGuid = {26B9E6B9-1F15-40E3-8B99-0B25F5E69D34}
	EndGlobalSection
EndGlobal
